
Microsoft Visual Studio Solution File, Format Version 12.00
# Visual Studio Version 17
VisualStudioVersion = 17.5.002.0
MinimumVisualStudioVersion = 10.0.40219.1
Project("{9A19103F-16F7-4668-BE54-9A1E7A4F7556}") = "app04", "app04.csproj", "{DD117054-9882-4177-A3F2-9A062EB099D5}"
EndProject
Global
	GlobalSection(SolutionConfigurationPlatforms) = preSolution
		Debug|Any CPU = Debug|Any CPU
		Release|Any CPU = Release|Any CPU
	EndGlobalSection
	GlobalSection(ProjectConfigurationPlatforms) = postSolution
		{DD117054-9882-4177-A3F2-9A062EB099D5}.Debug|Any CPU.ActiveCfg = Debug|Any CPU
		{DD117054-9882-4177-A3F2-9A062EB099D5}.Debug|Any CPU.Build.0 = Debug|Any CPU
		{DD117054-9882-4177-A3F2-9A062EB099D5}.Release|Any CPU.ActiveCfg = Release|Any CPU
		{DD117054-9882-4177-A3F2-9A062EB099D5}.Release|Any CPU.Build.0 = Release|Any CPU
	EndGlobalSection
	GlobalSection(SolutionProperties) = preSolution
		HideSolutionNode = FALSE
	EndGlobalSection
	GlobalSection(ExtensibilityGlobals) = postSolution
		SolutionGuid = {C571A411-108B-4EE5-BD14-D9DE721F78CC}
	EndGlobalSection
EndGlobal
